{
 "_comment": "Derived from prune/manifest.yaml allowed_dependencies by tools/depbudget.py --refresh. Checked in so builds are reproducible and offline-safe; a diff here in an upstream sync PR means the dependency surface moved.",
 "requirements": {
  "required": [
   "pydantic",
   "xarray",
   "numpy",
   "pluginify",
   "platformdirs",
   "pyyaml",
   "geoips-yaml-utils",
   "pyresample",
   "jsonschema",
   "referencing",
   "tabulate",
   "typing-extensions",
   "cftime",
   "dask",
   "lexeme-type"
  ],
  "with_extras": [
   "pydantic",
   "xarray",
   "numpy",
   "pluginify",
   "platformdirs",
   "pyyaml",
   "geoips-yaml-utils",
   "pyresample",
   "jsonschema",
   "referencing",
   "tabulate",
   "typing-extensions",
   "cftime",
   "dask",
   "lexeme-type",
   "matplotlib",
   "cartopy",
   "netcdf4",
   "zarr",
   "numexpr"
  ]
 },
 "closure": {
  "required": [
   "annotated-doc",
   "annotated-types",
   "attrs",
   "certifi",
   "cftime",
   "click",
   "cloudpickle",
   "configobj",
   "dask",
   "docstring-parser",
   "donfig",
   "fsspec",
   "geoips-yaml-utils",
   "jsonschema",
   "jsonschema-specifications",
   "lexeme-type",
   "locket",
   "markdown-it-py",
   "mdurl",
   "numpy",
   "packaging",
   "pandas",
   "partd",
   "platformdirs",
   "pluginify",
   "pydantic",
   "pydantic-core",
   "pygments",
   "pykdtree",
   "pyproj",
   "pyresample",
   "python-dateutil",
   "pyyaml",
   "referencing",
   "rich",
   "rpds-py",
   "shapely",
   "shellingham",
   "six",
   "tabulate",
   "toolz",
   "typer",
   "typing-extensions",
   "typing-inspection",
   "xarray"
  ],
  "all": [
   "annotated-doc",
   "annotated-types",
   "attrs",
   "cartopy",
   "certifi",
   "cftime",
   "click",
   "cloudpickle",
   "configobj",
   "contourpy",
   "cycler",
   "dask",
   "docstring-parser",
   "donfig",
   "fonttools",
   "fsspec",
   "geoips-yaml-utils",
   "google-crc32c",
   "jsonschema",
   "jsonschema-specifications",
   "kiwisolver",
   "lexeme-type",
   "locket",
   "markdown-it-py",
   "matplotlib",
   "mdurl",
   "netcdf4",
   "numcodecs",
   "numexpr",
   "numpy",
   "packaging",
   "pandas",
   "partd",
   "pillow",
   "platformdirs",
   "pluginify",
   "pydantic",
   "pydantic-core",
   "pygments",
   "pykdtree",
   "pyparsing",
   "pyproj",
   "pyresample",
   "pyshp",
   "python-dateutil",
   "pyyaml",
   "referencing",
   "rich",
   "rpds-py",
   "shapely",
   "shellingham",
   "six",
   "tabulate",
   "toolz",
   "typer",
   "typing-extensions",
   "typing-inspection",
   "xarray",
   "zarr"
  ]
 }
}
